{
  "requires": true,
  "lockfileVersion": 1,
  "dependencies": {
    "@angular/animations": {
      "version": "12.1.1",
      "resolved": "https://registry.npmjs.org/@angular/animations/-/animations-12.1.1.tgz",
      "integrity": "sha512-79TfDx1AAxrVNM56oY+OwRpku9eCF6w3ko2DWDeQpgCvqM6/a53B5rPhz6yuwgadIqUdQH0T4CeE/v5hXYdOMA==",
      "requires": {
        "tslib": "^2.2.0"
      }
    },
    "angular-responsive-carousel": {
      "version": "2.0.2",
      "resolved": "https://registry.npmjs.org/angular-responsive-carousel/-/angular-responsive-carousel-2.0.2.tgz",
      "integrity": "sha512-ade+YNVnZiq7q7Ljwhp5jk+p/+zT+k+iRC1V+rjbRB93L6qqvoDOjSl6y7TugzMyvk/QumWVsFnQGlB9O3IRsQ==",
      "requires": {
        "tslib": "^2.0.0"
      }
    },
    "ngx-notification-msg": {
      "version": "0.2.2",
      "resolved": "https://registry.npmjs.org/ngx-notification-msg/-/ngx-notification-msg-0.2.2.tgz",
      "integrity": "sha512-cpsRnQUQP/DKv7YMmgTdAc/qv1oSS0HU9YXl2SvEPQ29VUKLBydbXzF0AT2zWLrpZXFdx7KjMoxvCQDAEr1ynw==",
      "requires": {
        "tslib": "^1.9.0"
      },
      "dependencies": {
        "tslib": {
          "version": "1.14.1",
          "resolved": "https://registry.npmjs.org/tslib/-/tslib-1.14.1.tgz",
          "integrity": "sha512-Xni35NKzjgMrwevysHTCArtLDpPvye8zV/0E4EyYn43P7/7qvQwPh9BGkHewbMulVntbigmcT7rdX3BNo9wRJg=="
        }
      }
    },
    "ngx-toastr": {
      "version": "14.0.0",
      "resolved": "https://registry.npmjs.org/ngx-toastr/-/ngx-toastr-14.0.0.tgz",
      "integrity": "sha512-dnDzSY73pF6FvNyxdh6ftfvXvUg6SU7MAT3orPUCzA77t3ZcFslro06zk4NCA2g67RF7dBwM0OJ/y0SN6fdGYw==",
      "requires": {
        "tslib": "^2.1.0"
      }
    },
    "tslib": {
      "version": "2.2.0",
      "resolved": "https://registry.npmjs.org/tslib/-/tslib-2.2.0.tgz",
      "integrity": "sha512-gS9GVHRU+RGn5KQM2rllAlR3dU6m7AcpJKdtH8gFvQiC4Otgk98XnmMU+nZenHt/+VhnBPWwgrJsyrdcw6i23w=="
    }
  }
}
